// !$*UTF8*$!
{
	archiveVersion = 1;
	classes = {
	};
	objectVersion = 56;
	objects = {

/* Begin PBXBuildFile section */
		E9DA172A2C7E781B00A8B00A /* AppDelegate.swift in Sources */ = {isa = PBXBuildFile; fileRef = E9DA17292C7E781A00A8B00A /* AppDelegate.swift */; };
		E9DA172C2C7E781B00A8B00A /* SceneDelegate.swift in Sources */ = {isa = PBXBuildFile; fileRef = E9DA172B2C7E781B00A8B00A /* SceneDelegate.swift */; };
		E9DA172E2C7E781B00A8B00A /* ViewController.swift in Sources */ = {isa = PBXBuildFile; fileRef = E9DA172D2C7E781B00A8B00A /* ViewController.swift */; };
		E9DA17312C7E781B00A8B00A /* Base in Resources */ = {isa = PBXBuildFile; fileRef = E9DA17302C7E781B00A8B00A /* Base */; };
		E9DA17332C7E781D00A8B00A /* Assets.xcassets in Resources */ = {isa = PBXBuildFile; fileRef = E9DA17322C7E781D00A8B00A /* Assets.xcassets */; };
		E9DA17362C7E781D00A8B00A /* Base in Resources */ = {isa = PBXBuildFile; fileRef = E9DA17352C7E781D00A8B00A /* Base */; };
/* End PBXBuildFile section */

/* Begin PBXFileReference section */
		E9DA17262C7E781A00A8B00A /* banquemisr.challenge05.app */ = {isa = PBXFileReference; explicitFileType = wrapper.application; includeInIndex = 0; path = banquemisr.challenge05.app; sourceTree = BUILT_PRODUCTS_DIR; };
		E9DA17292C7E781A00A8B00A /* AppDelegate.swift */ = {isa = PBXFileReference; lastKnownFileType = sourcecode.swift; path = AppDelegate.swift; sourceTree = "<group>"; };
		E9DA172B2C7E781B00A8B00A /* SceneDelegate.swift */ = {isa = PBXFileReference; lastKnownFileType = sourcecode.swift; path = SceneDelegate.swift; sourceTree = "<group>"; };
		E9DA172D2C7E781B00A8B00A /* ViewController.swift */ = {isa = PBXFileReference; lastKnownFileType = sourcecode.swift; path = ViewController.swift; sourceTree = "<group>"; };
		E9DA17302C7E781B00A8B00A /* Base */ = {isa = PBXFileReference; lastKnownFileType = file.storyboard; name = Base; path = Base.lproj/Main.storyboard; sourceTree = "<group>"; };
		E9DA17322C7E781D00A8B00A /* Assets.xcassets */ = {isa = PBXFileReference; lastKnownFileType = folder.assetcatalog; path = Assets.xcassets; sourceTree = "<group>"; };
		E9DA17352C7E781D00A8B00A /* Base */ = {isa = PBXFileReference; lastKnownFileType = file.storyboard; name = Base; path = Base.lproj/LaunchScreen.storyboard; sourceTree = "<group>"; };
		E9DA17372C7E781D00A8B00A /* Info.plist */ = {isa = PBXFileReference; lastKnownFileType = text.plist.xml; path = Info.plist; sourceTree = "<group>"; };
/* End PBXFileReference section */

/* Begin PBXFrameworksBuildPhase section */
		E9DA17232C7E781A00A8B00A /* Frameworks */ = {
			isa = PBXFrameworksBuildPhase;
			buildActionMask = 2147483647;
			files = (
			);
			runOnlyForDeploymentPostprocessing = 0;
		};
/* End PBXFrameworksBuildPhase section */

/* Begin PBXGroup section */
		E9DA171D2C7E781A00A8B00A = {
			isa = PBXGroup;
			children = (
				E9DA17282C7E781A00A8B00A /* banquemisr.challenge05 */,
				E9DA17272C7E781A00A8B00A /* Products */,
			);
			sourceTree = "<group>";
		};
		E9DA17272C7E781A00A8B00A /* Products */ = {
			isa = PBXGroup;
			children = (
				E9DA17262C7E781A00A8B00A /* banquemisr.challenge05.app */,
			);
			name = Products;
			sourceTree = "<group>";
		};
		E9DA17282C7E781A00A8B00A /* banquemisr.challenge05 */ = {
			isa = PBXGroup;
			children = (
				E9DA17402C7E960900A8B00A /* Network */,
				E9DA173F2C7E95F000A8B00A /* Presentation */,
				E9DA173D2C7E95DA00A8B00A /* Domain */,
				E9DA173E2C7E95E400A8B00A /* Data */,
				E9DA17292C7E781A00A8B00A /* AppDelegate.swift */,
				E9DA172B2C7E781B00A8B00A /* SceneDelegate.swift */,
				E9DA172D2C7E781B00A8B00A /* ViewController.swift */,
				E9DA172F2C7E781B00A8B00A /* Main.storyboard */,
				E9DA17322C7E781D00A8B00A /* Assets.xcassets */,
				E9DA17342C7E781D00A8B00A /* LaunchScreen.storyboard */,
				E9DA17372C7E781D00A8B00A /* Info.plist */,
			);
			path = banquemisr.challenge05;
			sourceTree = "<group>";
		};
		E9DA173D2C7E95DA00A8B00A /* Domain */ = {
			isa = PBXGroup;
			children = (
			);
			path = Domain;
			sourceTree = "<group>";
		};
		E9DA173E2C7E95E400A8B00A /* Data */ = {
			isa = PBXGroup;
			children = (
			);
			path = Data;
			sourceTree = "<group>";
		};
		E9DA173F2C7E95F000A8B00A /* Presentation */ = {
			isa = PBXGroup;
			children = (
			);
			path = Presentation;
			sourceTree = "<group>";
		};
		E9DA17402C7E960900A8B00A /* Network */ = {
			isa = PBXGroup;
			children = (
			);
			path = Network;
			sourceTree = "<group>";
		};
/* End PBXGroup section */

/* Begin PBXNativeTarget section */
		E9DA17252C7E781A00A8B00A /* banquemisr.challenge05 */ = {
			isa = PBXNativeTarget;
			buildConfigurationList = E9DA173A2C7E781D00A8B00A /* Build configuration list for PBXNativeTarget "banquemisr.challenge05" */;
			buildPhases = (
				E9DA17222C7E781A00A8B00A /* Sources */,
				E9DA17232C7E781A00A8B00A /* Frameworks */,
				E9DA17242C7E781A00A8B00A /* Resources */,
			);
			buildRules = (
			);
			dependencies = (
			);
			name = banquemisr.challenge05;
			productName = banquemisr.challenge05;
			productReference = E9DA17262C7E781A00A8B00A /* banquemisr.challenge05.app */;
			productType = "com.apple.product-type.application";
		};
/* End PBXNativeTarget section */

/* Begin PBXProject section */
		E9DA171E2C7E781A00A8B00A /* Project object */ = {
			isa = PBXProject;
			attributes = {
				BuildIndependentTargetsInParallel = 1;
				LastSwiftUpdateCheck = 1530;
				LastUpgradeCheck = 1530;
				TargetAttributes = {
					E9DA17252C7E781A00A8B00A = {
						CreatedOnToolsVersion = 15.3;
					};
				};
			};
			buildConfigurationList = E9DA17212C7E781A00A8B00A /* Build configuration list for PBXProject "banquemisr.challenge05" */;
			compatibilityVersion = "Xcode 14.0";
			developmentRegion = en;
			hasScannedForEncodings = 0;
			knownRegions = (
				en,
				Base,
			);
			mainGroup = E9DA171D2C7E781A00A8B00A;
			productRefGroup = E9DA17272C7E781A00A8B00A /* Products */;
			projectDirPath = "";
			projectRoot = "";
			targets = (
				E9DA17252C7E781A00A8B00A /* banquemisr.challenge05 */,
			);
		};
/* End PBXProject section */

/* Begin PBXResourcesBuildPhase section */
		E9DA17242C7E781A00A8B00A /* Resources */ = {
			isa = PBXResourcesBuildPhase;
			buildActionMask = 2147483647;
			files = (
				E9DA17332C7E781D00A8B00A /* Assets.xcassets in Resources */,
				E9DA17362C7E781D00A8B00A /* Base in Resources */,
				E9DA17312C7E781B00A8B00A /* Base in Resources */,
			);
			runOnlyForDeploymentPostprocessing = 0;
		};
/* End PBXResourcesBuildPhase section */

/* Begin PBXSourcesBuildPhase section */
		E9DA17222C7E781A00A8B00A /* Sources */ = {
			isa = PBXSourcesBuildPhase;
			buildActionMask = 2147483647;
			files = (
				E9DA172E2C7E781B00A8B00A /* ViewController.swift in Sources */,
				E9DA172A2C7E781B00A8B00A /* AppDelegate.swift in Sources */,
				E9DA172C2C7E781B00A8B00A /* SceneDelegate.swift in Sources */,
			);
			runOnlyForDeploymentPostprocessing = 0;
		};
/* End PBXSourcesBuildPhase section */

/* Begin PBXVariantGroup section */
		E9DA172F2C7E781B00A8B00A /* Main.storyboard */ = {
			isa = PBXVariantGroup;
			children = (
				E9DA17302C7E781B00A8B00A /* Base */,
			);
			name = Main.storyboard;
			sourceTree = "<group>";
		};
		E9DA17342C7E781D00A8B00A /* LaunchScreen.storyboard */ = {
			isa = PBXVariantGroup;
			children = (
				E9DA17352C7E781D00A8B00A /* Base */,
			);
			name = LaunchScreen.storyboard;
			sourceTree = "<group>";
		};
/* End PBXVariantGroup section */

/* Begin XCBuildConfiguration section */
		E9DA17382C7E781D00A8B00A /* Debug */ = {
			isa = XCBuildConfiguration;
			buildSettings = {
				ALWAYS_SEARCH_USER_PATHS = NO;
				ASSETCATALOG_COMPILER_GENERATE_SWIFT_ASSET_SYMBOL_EXTENSIONS = YES;
				CLANG_ANALYZER_NONNULL = YES;
				CLANG_ANALYZER_NUMBER_OBJECT_CONVERSION = YES_AGGRESSIVE;
				CLANG_CXX_LANGUAGE_STANDARD = "gnu++20";
				CLANG_ENABLE_MODULES = YES;
				CLANG_ENABLE_OBJC_ARC = YES;
				CLANG_ENABLE_OBJC_WEAK = YES;
				CLANG_WARN_BLOCK_CAPTURE_AUTORELEASING = YES;
				CLANG_WARN_BOOL_CONVERSION = YES;
				CLANG_WARN_COMMA = YES;
				CLANG_WARN_CONSTANT_CONVERSION = YES;
				CLANG_WARN_DEPRECATED_OBJC_IMPLEMENTATIONS = YES;
				CLANG_WARN_DIRECT_OBJC_ISA_USAGE = YES_ERROR;
				CLANG_WARN_DOCUMENTATION_COMMENTS = YES;
				CLANG_WARN_EMPTY_BODY = YES;
				CLANG_WARN_ENUM_CONVERSION = YES;
				CLANG_WARN_INFINITE_RECURSION = YES;
				CLANG_WARN_INT_CONVERSION = YES;
				CLANG_WARN_NON_LITERAL_NULL_CONVERSION = YES;
				CLANG_WARN_OBJC_IMPLICIT_RETAIN_SELF = YES;
				CLANG_WARN_OBJC_LITERAL_CONVERSION = YES;
				CLANG_WARN_OBJC_ROOT_CLASS = YES_ERROR;
				CLANG_WARN_QUOTED_INCLUDE_IN_FRAMEWORK_HEADER = YES;
				CLANG_WARN_RANGE_LOOP_ANALYSIS = YES;
				CLANG_WARN_STRICT_PROTOTYPES = YES;
				CLANG_WARN_SUSPICIOUS_MOVE = YES;
				CLANG_WARN_UNGUARDED_AVAILABILITY = YES_AGGRESSIVE;
				CLANG_WARN_UNREACHABLE_CODE = YES;
				CLANG_WARN__DUPLICATE_METHOD_MATCH = YES;
				COPY_PHASE_STRIP = NO;
				DEBUG_INFORMATION_FORMAT = dwarf;
				ENABLE_STRICT_OBJC_MSGSEND = YES;
				ENABLE_TESTABILITY = YES;
				ENABLE_USER_SCRIPT_SANDBOXING = YES;
				GCC_C_LANGUAGE_STANDARD = gnu17;
				GCC_DYNAMIC_NO_PIC = NO;
				GCC_NO_COMMON_BLOCKS = YES;
				GCC_OPTIMIZATION_LEVEL = 0;
				GCC_PREPROCESSOR_DEFINITIONS = (
					"DEBUG=1",
					"$(inherited)",
				);
				GCC_WARN_64_TO_32_BIT_CONVERSION = YES;
				GCC_WARN_ABOUT_RETURN_TYPE = YES_ERROR;
				GCC_WARN_UNDECLARED_SELECTOR = YES;
				GCC_WARN_UNINITIALIZED_AUTOS = YES_AGGRESSIVE;
				GCC_WARN_UNUSED_FUNCTION = YES;
				GCC_WARN_UNUSED_VARIABLE = YES;
				IPHONEOS_DEPLOYMENT_TARGET = 17.4;
				LOCALIZATION_PREFERS_STRING_CATALOGS = YES;
				MTL_ENABLE_DEBUG_INFO = INCLUDE_SOURCE;
				MTL_FAST_MATH = YES;
				ONLY_ACTIVE_ARCH = YES;
				SDKROOT = iphoneos;
				SWIFT_ACTIVE_COMPILATION_CONDITIONS = "DEBUG $(inherited)";
				SWIFT_OPTIMIZATION_LEVEL = "-Onone";
			};
			name = Debug;
		};
		E9DA17392C7E781D00A8B00A /* Release */ = {
			isa = XCBuildConfiguration;
			buildSettings = {
				ALWAYS_SEARCH_USER_PATHS = NO;
				ASSETCATALOG_COMPILER_GENERATE_SWIFT_ASSET_SYMBOL_EXTENSIONS = YES;
				CLANG_ANALYZER_NONNULL = YES;
				CLANG_ANALYZER_NUMBER_OBJECT_CONVERSION = YES_AGGRESSIVE;
				CLANG_CXX_LANGUAGE_STANDARD = "gnu++20";
				CLANG_ENABLE_MODULES = YES;
				CLANG_ENABLE_OBJC_ARC = YES;
				CLANG_ENABLE_OBJC_WEAK = YES;
				CLANG_WARN_BLOCK_CAPTURE_AUTORELEASING = YES;
				CLANG_WARN_BOOL_CONVERSION = YES;
				CLANG_WARN_COMMA = YES;
				CLANG_WARN_CONSTANT_CONVERSION = YES;
				CLANG_WARN_DEPRECATED_OBJC_IMPLEMENTATIONS = YES;
				CLANG_WARN_DIRECT_OBJC_ISA_USAGE = YES_ERROR;
				CLANG_WARN_DOCUMENTATION_COMMENTS = YES;
				CLANG_WARN_EMPTY_BODY = YES;
				CLANG_WARN_ENUM_CONVERSION = YES;
				CLANG_WARN_INFINITE_RECURSION = YES;
				CLANG_WARN_INT_CONVERSION = YES;
				CLANG_WARN_NON_LITERAL_NULL_CONVERSION = YES;
				CLANG_WARN_OBJC_IMPLICIT_RETAIN_SELF = YES;
				CLANG_WARN_OBJC_LITERAL_CONVERSION = YES;
				CLANG_WARN_OBJC_ROOT_CLASS = YES_ERROR;
				CLANG_WARN_QUOTED_INCLUDE_IN_FRAMEWORK_HEADER = YES;
				CLANG_WARN_RANGE_LOOP_ANALYSIS = YES;
				CLANG_WARN_STRICT_PROTOTYPES = YES;
				CLANG_WARN_SUSPICIOUS_MOVE = YES;
				CLANG_WARN_UNGUARDED_AVAILABILITY = YES_AGGRESSIVE;
				CLANG_WARN_UNREACHABLE_CODE = YES;
				CLANG_WARN__DUPLICATE_METHOD_MATCH = YES;
				COPY_PHASE_STRIP = NO;
				DEBUG_INFORMATION_FORMAT = "dwarf-with-dsym";
				ENABLE_NS_ASSERTIONS = NO;
				ENABLE_STRICT_OBJC_MSGSEND = YES;
				ENABLE_USER_SCRIPT_SANDBOXING = YES;
				GCC_C_LANGUAGE_STANDARD = gnu17;
				GCC_NO_COMMON_BLOCKS = YES;
				GCC_WARN_64_TO_32_BIT_CONVERSION = YES;
				GCC_WARN_ABOUT_RETURN_TYPE = YES_ERROR;
				GCC_WARN_UNDECLARED_SELECTOR = YES;
				GCC_WARN_UNINITIALIZED_AUTOS = YES_AGGRESSIVE;
				GCC_WARN_UNUSED_FUNCTION = YES;
				GCC_WARN_UNUSED_VARIABLE = YES;
				IPHONEOS_DEPLOYMENT_TARGET = 17.4;
				LOCALIZATION_PREFERS_STRING_CATALOGS = YES;
				MTL_ENABLE_DEBUG_INFO = NO;
				MTL_FAST_MATH = YES;
				SDKROOT = iphoneos;
				SWIFT_COMPILATION_MODE = wholemodule;
				VALIDATE_PRODUCT = YES;
			};
			name = Release;
		};
		E9DA173B2C7E781D00A8B00A /* Debug */ = {
			isa = XCBuildConfiguration;
			buildSettings = {
				ASSETCATALOG_COMPILER_APPICON_NAME = AppIcon;
				ASSETCATALOG_COMPILER_GLOBAL_ACCENT_COLOR_NAME = AccentColor;
				CODE_SIGN_STYLE = Automatic;
				CURRENT_PROJECT_VERSION = 1;
				DEVELOPMENT_TEAM = SD74TQT3K4;
				GENERATE_INFOPLIST_FILE = YES;
				INFOPLIST_FILE = banquemisr.challenge05/Info.plist;
				INFOPLIST_KEY_UIApplicationSupportsIndirectInputEvents = YES;
				INFOPLIST_KEY_UILaunchStoryboardName = LaunchScreen;
				INFOPLIST_KEY_UIMainStoryboardFile = Main;
				INFOPLIST_KEY_UISupportedInterfaceOrientations_iPad = "UIInterfaceOrientationPortrait UIInterfaceOrientationPortraitUpsideDown UIInterfaceOrientationLandscapeLeft UIInterfaceOrientationLandscapeRight";
				INFOPLIST_KEY_UISupportedInterfaceOrientations_iPhone = "UIInterfaceOrientationPortrait UIInterfaceOrientationLandscapeLeft UIInterfaceOrientationLandscapeRight";
				LD_RUNPATH_SEARCH_PATHS = (
					"$(inherited)",
					"@executable_path/Frameworks",
				);
				MARKETING_VERSION = 1.0;
				PRODUCT_BUNDLE_IDENTIFIER = "com.MMaamoun.banquemisr-challenge05";
				PRODUCT_NAME = "$(TARGET_NAME)";
				SWIFT_EMIT_LOC_STRINGS = YES;
				SWIFT_VERSION = 5.0;
				TARGETED_DEVICE_FAMILY = "1,2";
			};
			name = Debug;
		};
		E9DA173C2C7E781D00A8B00A /* Release */ = {
			isa = XCBuildConfiguration;
			buildSettings = {
				ASSETCATALOG_COMPILER_APPICON_NAME = AppIcon;
				ASSETCATALOG_COMPILER_GLOBAL_ACCENT_COLOR_NAME = AccentColor;
				CODE_SIGN_STYLE = Automatic;
				CURRENT_PROJECT_VERSION = 1;
				DEVELOPMENT_TEAM = SD74TQT3K4;
				GENERATE_INFOPLIST_FILE = YES;
				INFOPLIST_FILE = banquemisr.challenge05/Info.plist;
				INFOPLIST_KEY_UIApplicationSupportsIndirectInputEvents = YES;
				INFOPLIST_KEY_UILaunchStoryboardName = LaunchScreen;
				INFOPLIST_KEY_UIMainStoryboardFile = Main;
				INFOPLIST_KEY_UISupportedInterfaceOrientations_iPad = "UIInterfaceOrientationPortrait UIInterfaceOrientationPortraitUpsideDown UIInterfaceOrientationLandscapeLeft UIInterfaceOrientationLandscapeRight";
				INFOPLIST_KEY_UISupportedInterfaceOrientations_iPhone = "UIInterfaceOrientationPortrait UIInterfaceOrientationLandscapeLeft UIInterfaceOrientationLandscapeRight";
				LD_RUNPATH_SEARCH_PATHS = (
					"$(inherited)",
					"@executable_path/Frameworks",
				);
				MARKETING_VERSION = 1.0;
				PRODUCT_BUNDLE_IDENTIFIER = "com.MMaamoun.banquemisr-challenge05";
				PRODUCT_NAME = "$(TARGET_NAME)";
				SWIFT_EMIT_LOC_STRINGS = YES;
				SWIFT_VERSION = 5.0;
				TARGETED_DEVICE_FAMILY = "1,2";
			};
			name = Release;
		};
/* End XCBuildConfiguration section */

/* Begin XCConfigurationList section */
		E9DA17212C7E781A00A8B00A /* Build configuration list for PBXProject "banquemisr.challenge05" */ = {
			isa = XCConfigurationList;
			buildConfigurations = (
				E9DA17382C7E781D00A8B00A /* Debug */,
				E9DA17392C7E781D00A8B00A /* Release */,
			);
			defaultConfigurationIsVisible = 0;
			defaultConfigurationName = Release;
		};
		E9DA173A2C7E781D00A8B00A /* Build configuration list for PBXNativeTarget "banquemisr.challenge05" */ = {
			isa = XCConfigurationList;
			buildConfigurations = (
				E9DA173B2C7E781D00A8B00A /* Debug */,
				E9DA173C2C7E781D00A8B00A /* Release */,
			);
			defaultConfigurationIsVisible = 0;
			defaultConfigurationName = Release;
		};
/* End XCConfigurationList section */
	};
	rootObject = E9DA171E2C7E781A00A8B00A /* Project object */;
}
